schema: '2.0'
stages:
  make_dataset:
    cmd: python ./src/data/make_dataset.py ./data/raw/creditcard.csv
    deps:
    - path: ./data/raw/creditcard.csv
      hash: md5
      md5: 1eede4ff545d4505019548c49ecd3003
      size: 150827699
    - path: ./src/data/make_dataset.py
      hash: md5
      md5: 38e54d272775073ae330db7fc45eb9ae
      size: 1742
    params:
      params.yaml:
        make_dataset.seed: 2023
        make_dataset.test_split: 0.2
    outs:
    - path: ./data/processed/
      hash: md5
      md5: 78bd6de40a95e537ced407d8ceb57ec1.dir
      size: 150816663
      nfiles: 2
  train_model:
    cmd: python ./src/models/train_model.py ./data/processed/
    deps:
    - path: ./data/processed/
      hash: md5
      md5: 78bd6de40a95e537ced407d8ceb57ec1.dir
      size: 150816663
      nfiles: 2
    - path: ./src/models/train_model.py
      hash: md5
      md5: d0b39b40df16074742d95bd06cc2c702
      size: 1499
    outs:
    - path: ./models/
      hash: md5
      md5: 28d08df8e2a892849f439a87771a1c9a.dir
      size: 384889
      nfiles: 1
  visualize:
    cmd: python ./src/visualization/visualize.py ./models/model.joblib ./data/processed/
    deps:
    - path: ./data/processed/
      hash: md5
      md5: 78bd6de40a95e537ced407d8ceb57ec1.dir
      size: 150816663
      nfiles: 2
    - path: ./models/model.joblib
      hash: md5
      md5: 9366d060f1bfaeac6011f3eafbea45c8
      size: 384889
    - path: ./src/visualization/visualize.py
      hash: md5
      md5: ff03ab5dd2acda72b0fdc2a330719aff
      size: 3673
    outs:
    - path: dvclive
      hash: md5
      md5: f1b79e6dd47d81776aab8e9fbae43f5b.dir
      size: 19940351
      nfiles: 8
