schema: '2.0'
stages:
  make_dataset:
    cmd: python ./src/data/make_dataset.py ./data/raw/creditcard.csv
    deps:
    - path: ./data/raw/creditcard.csv
      hash: md5
      md5: f24d3d4276c826687b6c7b5ef11069a7
      size: 150827167
    - path: ./src/data/make_dataset.py
      hash: md5
      md5: 38e54d272775073ae330db7fc45eb9ae
      size: 1742
    params:
      params.yaml:
        make_dataset.seed: 42
        make_dataset.test_split: 0.3
    outs:
    - path: ./data/processed/
      hash: md5
      md5: c9cadf83941080517d7b6ab40fb88e47.dir
      size: 150816131
      nfiles: 2
  train_model:
    cmd: python ./src/models/train_model.py ./data/processed/
    deps:
    - path: ./data/processed/
      hash: md5
      md5: c9cadf83941080517d7b6ab40fb88e47.dir
      size: 150816131
      nfiles: 2
    - path: ./src/models/train_model.py
      hash: md5
      md5: d0b39b40df16074742d95bd06cc2c702
      size: 1499
    params:
      params.yaml:
        train_model.max_depth: 10
        train_model.n_estimators: 10
        train_model.seed: 21
    outs:
    - path: ./models/
      hash: md5
      md5: aa0c027218cc43186c6e92e8a23f54b3.dir
      size: 107289
      nfiles: 1
  visualize:
    cmd: python ./src/visualization/visualize.py ./models/model.joblib ./data/processed/
    deps:
    - path: ./data/processed/
      hash: md5
      md5: c9cadf83941080517d7b6ab40fb88e47.dir
      size: 150816131
      nfiles: 2
    - path: ./models/model.joblib
      hash: md5
      md5: edc405ee7e71bc0612f761f0e7cea5f6
      size: 107289
    - path: ./src/visualization/visualize.py
      hash: md5
      md5: ff03ab5dd2acda72b0fdc2a330719aff
      size: 3673
    outs:
    - path: dvclive
      hash: md5
      md5: 77b227fadabef241e5853a64c3240a34.dir
      size: 17869902
      nfiles: 8
